
Microsoft Visual Studio Solution File, Format Version 12.00
# Visual Studio 2017
Project("{FAE04EC0-301F-11D3-BF4B-00C04F79EFBC}") = "LivingArcadeVis", "LivingArcadeVis.csproj", "{C0CB8956-0F32-15AD-3909-371357FC25CF}"
EndProject
Global
	GlobalSection(SolutionConfigurationPlatforms) = preSolution
		Debug|Any CPU = Debug|Any CPU
		Release|Any CPU = Release|Any CPU
	EndGlobalSection
	GlobalSection(ProjectConfigurationPlatforms) = postSolution
		{C0CB8956-0F32-15AD-3909-371357FC25CF}.Debug|Any CPU.ActiveCfg = Debug|Any CPU
		{C0CB8956-0F32-15AD-3909-371357FC25CF}.Debug|Any CPU.Build.0 = Debug|Any CPU
		{C0CB8956-0F32-15AD-3909-371357FC25CF}.Release|Any CPU.ActiveCfg = Release|Any CPU
		{C0CB8956-0F32-15AD-3909-371357FC25CF}.Release|Any CPU.Build.0 = Release|Any CPU
	EndGlobalSection
	GlobalSection(SolutionProperties) = preSolution
		HideSolutionNode = FALSE
	EndGlobalSection
EndGlobal
